
Microsoft Visual Studio Solution File, Format Version 12.00
# Visual Studio Version 17
VisualStudioVersion = 17.14.36203.30 d17.14
MinimumVisualStudioVersion = 10.0.40219.1
Project("{FAE04EC0-301F-11D3-BF4B-00C04F79EFBC}") = "App009_20250611_Binding-CodeBehind", "App009_20250611_Binding-CodeBehind\App009_20250611_Binding-CodeBehind.csproj", "{7F7DA90B-81C9-4196-95A0-AAE56AE1E035}"
EndProject
Global
	GlobalSection(SolutionConfigurationPlatforms) = preSolution
		Debug|Any CPU = Debug|Any CPU
		Release|Any CPU = Release|Any CPU
	EndGlobalSection
	GlobalSection(ProjectConfigurationPlatforms) = postSolution
		{7F7DA90B-81C9-4196-95A0-AAE56AE1E035}.Debug|Any CPU.ActiveCfg = Debug|Any CPU
		{7F7DA90B-81C9-4196-95A0-AAE56AE1E035}.Debug|Any CPU.Build.0 = Debug|Any CPU
		{7F7DA90B-81C9-4196-95A0-AAE56AE1E035}.Release|Any CPU.ActiveCfg = Release|Any CPU
		{7F7DA90B-81C9-4196-95A0-AAE56AE1E035}.Release|Any CPU.Build.0 = Release|Any CPU
	EndGlobalSection
	GlobalSection(SolutionProperties) = preSolution
		HideSolutionNode = FALSE
	EndGlobalSection
	GlobalSection(ExtensibilityGlobals) = postSolution
		SolutionGuid = {E6115E81-614D-4E7B-A9B7-675665311927}
	EndGlobalSection
EndGlobal
