
Microsoft Visual Studio Solution File, Format Version 12.00
# Visual Studio Version 17
VisualStudioVersion = 17.14.36203.30 d17.14
MinimumVisualStudioVersion = 10.0.40219.1
Project("{FAE04EC0-301F-11D3-BF4B-00C04F79EFBC}") = "App013_20250612_Binding-StringFormat", "App013_20250612_Binding-StringFormat\App013_20250612_Binding-StringFormat.csproj", "{A1DA0D82-691E-4814-BC84-C4D4D488B46F}"
EndProject
Global
	GlobalSection(SolutionConfigurationPlatforms) = preSolution
		Debug|Any CPU = Debug|Any CPU
		Release|Any CPU = Release|Any CPU
	EndGlobalSection
	GlobalSection(ProjectConfigurationPlatforms) = postSolution
		{A1DA0D82-691E-4814-BC84-C4D4D488B46F}.Debug|Any CPU.ActiveCfg = Debug|Any CPU
		{A1DA0D82-691E-4814-BC84-C4D4D488B46F}.Debug|Any CPU.Build.0 = Debug|Any CPU
		{A1DA0D82-691E-4814-BC84-C4D4D488B46F}.Release|Any CPU.ActiveCfg = Release|Any CPU
		{A1DA0D82-691E-4814-BC84-C4D4D488B46F}.Release|Any CPU.Build.0 = Release|Any CPU
	EndGlobalSection
	GlobalSection(SolutionProperties) = preSolution
		HideSolutionNode = FALSE
	EndGlobalSection
	GlobalSection(ExtensibilityGlobals) = postSolution
		SolutionGuid = {6C1529EB-559A-4471-99C5-528B3AE935C7}
	EndGlobalSection
EndGlobal
