
Microsoft Visual Studio Solution File, Format Version 12.00
# Visual Studio Version 17
VisualStudioVersion = 17.14.36202.13 d17.14
MinimumVisualStudioVersion = 10.0.40219.1
Project("{FAE04EC0-301F-11D3-BF4B-00C04F79EFBC}") = "App001_HelloWorld", "App001_HelloWorld\App001_HelloWorld.csproj", "{E11E4177-569C-4412-81A9-47CF83E445EA}"
EndProject
Global
	GlobalSection(SolutionConfigurationPlatforms) = preSolution
		Debug|Any CPU = Debug|Any CPU
		Release|Any CPU = Release|Any CPU
	EndGlobalSection
	GlobalSection(ProjectConfigurationPlatforms) = postSolution
		{E11E4177-569C-4412-81A9-47CF83E445EA}.Debug|Any CPU.ActiveCfg = Debug|Any CPU
		{E11E4177-569C-4412-81A9-47CF83E445EA}.Debug|Any CPU.Build.0 = Debug|Any CPU
		{E11E4177-569C-4412-81A9-47CF83E445EA}.Release|Any CPU.ActiveCfg = Release|Any CPU
		{E11E4177-569C-4412-81A9-47CF83E445EA}.Release|Any CPU.Build.0 = Release|Any CPU
	EndGlobalSection
	GlobalSection(SolutionProperties) = preSolution
		HideSolutionNode = FALSE
	EndGlobalSection
	GlobalSection(ExtensibilityGlobals) = postSolution
		SolutionGuid = {F4802322-F89D-47A5-9C8A-03AFA1AE557C}
	EndGlobalSection
EndGlobal
